
Microsoft Visual Studio Solution File, Format Version 12.00
# Visual Studio Version 17
VisualStudioVersion = 17.3.32819.101
MinimumVisualStudioVersion = 10.0.40219.1
Project("{888888A0-9F3D-457C-B088-3A5042F75D52}") = "Praktiline print(),input(), float(), int() kasutamine", "Praktiline print(),input(), float(), int() kasutamine.pyproj", "{E341FCD2-6BD1-4C49-8C09-07FECD0319E5}"
EndProject
Global
	GlobalSection(SolutionConfigurationPlatforms) = preSolution
		Debug|Any CPU = Debug|Any CPU
		Release|Any CPU = Release|Any CPU
	EndGlobalSection
	GlobalSection(ProjectConfigurationPlatforms) = postSolution
		{E341FCD2-6BD1-4C49-8C09-07FECD0319E5}.Debug|Any CPU.ActiveCfg = Debug|Any CPU
		{E341FCD2-6BD1-4C49-8C09-07FECD0319E5}.Release|Any CPU.ActiveCfg = Release|Any CPU
	EndGlobalSection
	GlobalSection(SolutionProperties) = preSolution
		HideSolutionNode = FALSE
	EndGlobalSection
	GlobalSection(ExtensibilityGlobals) = postSolution
		SolutionGuid = {2BC6D5EC-05F5-417C-85A1-EF5F02C47D86}
	EndGlobalSection
EndGlobal
